
Microsoft Visual Studio Solution File, Format Version 12.00
# Visual Studio Version 17
VisualStudioVersion = 17.3.32819.101
MinimumVisualStudioVersion = 10.0.40219.1
Project("{FAE04EC0-301F-11D3-BF4B-00C04F79EFBC}") = "test", "test\test.csproj", "{34A199A9-EBC1-49EE-8995-E39BFC927B40}"
EndProject
Global
	GlobalSection(SolutionConfigurationPlatforms) = preSolution
		Debug|Any CPU = Debug|Any CPU
		Release|Any CPU = Release|Any CPU
	EndGlobalSection
	GlobalSection(ProjectConfigurationPlatforms) = postSolution
		{34A199A9-EBC1-49EE-8995-E39BFC927B40}.Debug|Any CPU.ActiveCfg = Debug|Any CPU
		{34A199A9-EBC1-49EE-8995-E39BFC927B40}.Debug|Any CPU.Build.0 = Debug|Any CPU
		{34A199A9-EBC1-49EE-8995-E39BFC927B40}.Release|Any CPU.ActiveCfg = Release|Any CPU
		{34A199A9-EBC1-49EE-8995-E39BFC927B40}.Release|Any CPU.Build.0 = Release|Any CPU
	EndGlobalSection
	GlobalSection(SolutionProperties) = preSolution
		HideSolutionNode = FALSE
	EndGlobalSection
	GlobalSection(ExtensibilityGlobals) = postSolution
		SolutionGuid = {B7806B74-96CA-4446-9FB6-23CC9B62EAD4}
	EndGlobalSection
EndGlobal
